# This file is automatically @generated by Cargo.
# It is not intended for manual editing.
version = 4

[[package]]
name = "gale"
version = "0.1.0"

[[package]]
name = "gust_browser"
version = "0.1.0"
dependencies = [
 "gale",
 "kiln-async",
]

[[package]]
name = "kiln-async"
version = "0.3.3"
source = "git+https://github.com/pulseengine/kiln?rev=6966abcdeb1c88edaa86facdccf6cba8712640e9#6966abcdeb1c88edaa86facdccf6cba8712640e9"
dependencies = [
 "kiln-error",
]

[[package]]
name = "kiln-error"
version = "0.3.3"
source = "git+https://github.com/pulseengine/kiln?rev=6966abcdeb1c88edaa86facdccf6cba8712640e9#6966abcdeb1c88edaa86facdccf6cba8712640e9"
